
Microsoft Visual Studio Solution File, Format Version 12.00
# Visual Studio Version 16
VisualStudioVersion = 16.0.31424.327
MinimumVisualStudioVersion = 10.0.40219.1
Project("{FAE04EC0-301F-11D3-BF4B-00C04F79EFBC}") = "MilleniumWebApi", "MilleniumWebApi\MilleniumWebApi.csproj", "{60A4602B-510D-48C5-9607-A595DA3A79E8}"
EndProject
Global
	GlobalSection(SolutionConfigurationPlatforms) = preSolution
		Debug|Any CPU = Debug|Any CPU
		Release|Any CPU = Release|Any CPU
	EndGlobalSection
	GlobalSection(ProjectConfigurationPlatforms) = postSolution
		{60A4602B-510D-48C5-9607-A595DA3A79E8}.Debug|Any CPU.ActiveCfg = Debug|Any CPU
		{60A4602B-510D-48C5-9607-A595DA3A79E8}.Debug|Any CPU.Build.0 = Debug|Any CPU
		{60A4602B-510D-48C5-9607-A595DA3A79E8}.Release|Any CPU.ActiveCfg = Release|Any CPU
		{60A4602B-510D-48C5-9607-A595DA3A79E8}.Release|Any CPU.Build.0 = Release|Any CPU
	EndGlobalSection
	GlobalSection(SolutionProperties) = preSolution
		HideSolutionNode = FALSE
	EndGlobalSection
	GlobalSection(ExtensibilityGlobals) = postSolution
		SolutionGuid = {56F57A4D-E8A9-4B5D-9BBD-4BD3AB5F7AFF}
	EndGlobalSection
EndGlobal
